
Microsoft Visual Studio Solution File, Format Version 12.00
# Visual Studio Version 17
VisualStudioVersion = 17.0.31903.59
MinimumVisualStudioVersion = 10.0.40219.1
Project("{FAE04EC0-301F-11D3-BF4B-00C04F79EFBC}") = "SecretEntrance", "SecretEntrance\SecretEntrance.csproj", "{AEF0082E-282C-473A-BCE0-295B61EE3D84}"
EndProject
Project("{FAE04EC0-301F-11D3-BF4B-00C04F79EFBC}") = "SecretEntrance.Tests", "SecretEntrance.Tests\SecretEntrance.Tests.csproj", "{3D75C0AB-CC9C-428A-BB2E-B657E9C7202F}"
EndProject
Global
	GlobalSection(SolutionConfigurationPlatforms) = preSolution
		Debug|Any CPU = Debug|Any CPU
		Release|Any CPU = Release|Any CPU
	EndGlobalSection
	GlobalSection(SolutionProperties) = preSolution
		HideSolutionNode = FALSE
	EndGlobalSection
	GlobalSection(ProjectConfigurationPlatforms) = postSolution
		{AEF0082E-282C-473A-BCE0-295B61EE3D84}.Debug|Any CPU.ActiveCfg = Debug|Any CPU
		{AEF0082E-282C-473A-BCE0-295B61EE3D84}.Debug|Any CPU.Build.0 = Debug|Any CPU
		{AEF0082E-282C-473A-BCE0-295B61EE3D84}.Release|Any CPU.ActiveCfg = Release|Any CPU
		{AEF0082E-282C-473A-BCE0-295B61EE3D84}.Release|Any CPU.Build.0 = Release|Any CPU
		{3D75C0AB-CC9C-428A-BB2E-B657E9C7202F}.Debug|Any CPU.ActiveCfg = Debug|Any CPU
		{3D75C0AB-CC9C-428A-BB2E-B657E9C7202F}.Debug|Any CPU.Build.0 = Debug|Any CPU
		{3D75C0AB-CC9C-428A-BB2E-B657E9C7202F}.Release|Any CPU.ActiveCfg = Release|Any CPU
		{3D75C0AB-CC9C-428A-BB2E-B657E9C7202F}.Release|Any CPU.Build.0 = Release|Any CPU
	EndGlobalSection
EndGlobal
